{
    "_readme": [
        "This file locks the dependencies of your project to a known state",
        "Read more about it at https://getcomposer.org/doc/01-basic-usage.md#installing-dependencies",
        "This file is @generated automatically"
    ],
    "content-hash": "f54b42b5c9a0d3508d0a5892b7a51479",
    "packages": [
        {
            "name": "leonardo/var-dumper",
            "version": "dev-master",
            "source": {
                "type": "git",
                "url": "https://github.com/oleonnardo/var-dumper-lite.git",
                "reference": "3c734e320b4c49b71a90334ede78e3c6ecb54e9a"
            },
            "dist": {
                "type": "zip",
                "url": "https://api.github.com/repos/oleonnardo/var-dumper-lite/zipball/3c734e320b4c49b71a90334ede78e3c6ecb54e9a",
                "reference": "3c734e320b4c49b71a90334ede78e3c6ecb54e9a",
                "shasum": ""
            },
            "require": {
                "php": "^5.6 || ^7.0 || ^7.1 || ^7.2"
            },
            "type": "library",
            "autoload": {
                "files": [
                    "src/helpers.php"
                ],
                "psr-4": {
                    "Collective\\Dumper\\": "src/"
                }
            },
            "notification-url": "https://packagist.org/downloads/",
            "license": [
                "MIT"
            ],
            "authors": [
                {
                    "name": "Leonardo Araujo",
                    "email": "leonardo.araujornb@gmail.com"
                }
            ],
            "description": "O componente VarDumper fornece mecanismos para caminhar através de qualquer variável PHP. Construído em cima, ele fornece as funções `dump()` e `dd()` que você.",
            "keywords": [
                "dd",
                "dump",
                "laravel",
                "var-dumper"
            ],
            "time": "2018-10-23T19:29:29+00:00"
        }
    ],
    "packages-dev": [],
    "aliases": [],
    "minimum-stability": "stable",
    "stability-flags": {
        "leonardo/var-dumper": 20
    },
    "prefer-stable": false,
    "prefer-lowest": false,
    "platform": [],
    "platform-dev": []
}
